
Microsoft Visual Studio Solution File, Format Version 12.00
# Visual Studio Version 17
VisualStudioVersion = 17.5.33516.290
MinimumVisualStudioVersion = 10.0.40219.1
Project("{FAE04EC0-301F-11D3-BF4B-00C04F79EFBC}") = "ApiWithAngular", "ApiWithAngular\ApiWithAngular.csproj", "{A31B3CE6-EF02-4BCB-B5DB-E747A4E6654A}"
EndProject
Global
	GlobalSection(SolutionConfigurationPlatforms) = preSolution
		Debug|Any CPU = Debug|Any CPU
		Release|Any CPU = Release|Any CPU
	EndGlobalSection
	GlobalSection(ProjectConfigurationPlatforms) = postSolution
		{A31B3CE6-EF02-4BCB-B5DB-E747A4E6654A}.Debug|Any CPU.ActiveCfg = Debug|Any CPU
		{A31B3CE6-EF02-4BCB-B5DB-E747A4E6654A}.Debug|Any CPU.Build.0 = Debug|Any CPU
		{A31B3CE6-EF02-4BCB-B5DB-E747A4E6654A}.Release|Any CPU.ActiveCfg = Release|Any CPU
		{A31B3CE6-EF02-4BCB-B5DB-E747A4E6654A}.Release|Any CPU.Build.0 = Release|Any CPU
	EndGlobalSection
	GlobalSection(SolutionProperties) = preSolution
		HideSolutionNode = FALSE
	EndGlobalSection
	GlobalSection(ExtensibilityGlobals) = postSolution
		SolutionGuid = {225AE93A-22CB-4685-A2FB-CA2EAA98EC80}
	EndGlobalSection
EndGlobal
